
Microsoft Visual Studio Solution File, Format Version 12.00
# Visual Studio 15
VisualStudioVersion = 15.0.28307.539
MinimumVisualStudioVersion = 10.0.40219.1
Project("{FAE04EC0-301F-11D3-BF4B-00C04F79EFBC}") = "JWTBasics", "JWTBasics\JWTBasics.csproj", "{ED11250F-BB0C-4E4F-A9F9-F2C86F8DF375}"
EndProject
Global
	GlobalSection(SolutionConfigurationPlatforms) = preSolution
		Debug|Any CPU = Debug|Any CPU
		Release|Any CPU = Release|Any CPU
	EndGlobalSection
	GlobalSection(ProjectConfigurationPlatforms) = postSolution
		{ED11250F-BB0C-4E4F-A9F9-F2C86F8DF375}.Debug|Any CPU.ActiveCfg = Debug|Any CPU
		{ED11250F-BB0C-4E4F-A9F9-F2C86F8DF375}.Debug|Any CPU.Build.0 = Debug|Any CPU
		{ED11250F-BB0C-4E4F-A9F9-F2C86F8DF375}.Release|Any CPU.ActiveCfg = Release|Any CPU
		{ED11250F-BB0C-4E4F-A9F9-F2C86F8DF375}.Release|Any CPU.Build.0 = Release|Any CPU
	EndGlobalSection
	GlobalSection(SolutionProperties) = preSolution
		HideSolutionNode = FALSE
	EndGlobalSection
	GlobalSection(ExtensibilityGlobals) = postSolution
		SolutionGuid = {F0074D4B-E56B-476A-9BE6-8A367F935D6B}
	EndGlobalSection
EndGlobal
